
Microsoft Visual Studio Solution File, Format Version 12.00
# Visual Studio Version 16
VisualStudioVersion = 16.0.33423.256
MinimumVisualStudioVersion = 10.0.40219.1
Project("{FAE04EC0-301F-11D3-BF4B-00C04F79EFBC}") = "CountingTimesInputToArray", "CountingTimesInputToArray.csproj", "{DA68A463-E114-41B7-915F-C71A6FDE949E}"
EndProject
Global
	GlobalSection(SolutionConfigurationPlatforms) = preSolution
		Debug|Any CPU = Debug|Any CPU
		Release|Any CPU = Release|Any CPU
	EndGlobalSection
	GlobalSection(ProjectConfigurationPlatforms) = postSolution
		{DA68A463-E114-41B7-915F-C71A6FDE949E}.Debug|Any CPU.ActiveCfg = Debug|Any CPU
		{DA68A463-E114-41B7-915F-C71A6FDE949E}.Debug|Any CPU.Build.0 = Debug|Any CPU
		{DA68A463-E114-41B7-915F-C71A6FDE949E}.Release|Any CPU.ActiveCfg = Release|Any CPU
		{DA68A463-E114-41B7-915F-C71A6FDE949E}.Release|Any CPU.Build.0 = Release|Any CPU
	EndGlobalSection
	GlobalSection(SolutionProperties) = preSolution
		HideSolutionNode = FALSE
	EndGlobalSection
	GlobalSection(ExtensibilityGlobals) = postSolution
		SolutionGuid = {D3DC8E4B-9EEB-4E05-A12E-392ECA70CACF}
	EndGlobalSection
EndGlobal
